
Microsoft Visual Studio Solution File, Format Version 12.00
# Visual Studio Version 16
VisualStudioVersion = 16.0.31005.135
MinimumVisualStudioVersion = 10.0.40219.1
Project("{FAE04EC0-301F-11D3-BF4B-00C04F79EFBC}") = "WindowsFormsApp1", "WindowsFormsApp1.csproj", "{4F3501BB-FC21-4176-990D-6F02A57189CA}"
EndProject
Project("{FAE04EC0-301F-11D3-BF4B-00C04F79EFBC}") = "ClassLibraryFigures", "ClassLibraryRectangle\ClassLibraryFigures.csproj", "{FC14F70C-D79F-43D8-BF75-436B7971BDAF}"
EndProject
Global
	GlobalSection(SolutionConfigurationPlatforms) = preSolution
		Debug|Any CPU = Debug|Any CPU
		Release|Any CPU = Release|Any CPU
	EndGlobalSection
	GlobalSection(ProjectConfigurationPlatforms) = postSolution
		{4F3501BB-FC21-4176-990D-6F02A57189CA}.Debug|Any CPU.ActiveCfg = Debug|Any CPU
		{4F3501BB-FC21-4176-990D-6F02A57189CA}.Debug|Any CPU.Build.0 = Debug|Any CPU
		{4F3501BB-FC21-4176-990D-6F02A57189CA}.Release|Any CPU.ActiveCfg = Release|Any CPU
		{4F3501BB-FC21-4176-990D-6F02A57189CA}.Release|Any CPU.Build.0 = Release|Any CPU
		{FC14F70C-D79F-43D8-BF75-436B7971BDAF}.Debug|Any CPU.ActiveCfg = Debug|Any CPU
		{FC14F70C-D79F-43D8-BF75-436B7971BDAF}.Debug|Any CPU.Build.0 = Debug|Any CPU
		{FC14F70C-D79F-43D8-BF75-436B7971BDAF}.Release|Any CPU.ActiveCfg = Release|Any CPU
		{FC14F70C-D79F-43D8-BF75-436B7971BDAF}.Release|Any CPU.Build.0 = Release|Any CPU
	EndGlobalSection
	GlobalSection(SolutionProperties) = preSolution
		HideSolutionNode = FALSE
	EndGlobalSection
	GlobalSection(ExtensibilityGlobals) = postSolution
		SolutionGuid = {8A9E72A3-389F-4C75-AB86-A3B12BCC5500}
	EndGlobalSection
EndGlobal
